// !$*UTF8*$!
{
	archiveVersion = 1;
	classes = {
	};
	objectVersion = 46;
	objects = {

/* Begin PBXBuildFile section */
		090C23921CBC84E300A52DF6 /* PremiumChildViewController.m in Sources */ = {isa = PBXBuildFile; fileRef = 090C23901CBC84E300A52DF6 /* PremiumChildViewController.m */; };
		090C23931CBC84E300A52DF6 /* PremiumChildViewController.xib in Resources */ = {isa = PBXBuildFile; fileRef = 090C23911CBC84E300A52DF6 /* PremiumChildViewController.xib */; };
		090C23961CBD9EBF00A52DF6 /* AddManagerTableViewController.m in Sources */ = {isa = PBXBuildFile; fileRef = 090C23951CBD9EBF00A52DF6 /* AddManagerTableViewController.m */; };
		090EDC511C9B5567005D3477 /* SettingsTableViewController.m in Sources */ = {isa = PBXBuildFile; fileRef = 090EDC501C9B5567005D3477 /* SettingsTableViewController.m */; };
		0917EC471C4037D600BE2697 /* main.m in Sources */ = {isa = PBXBuildFile; fileRef = 0917EC461C4037D600BE2697 /* main.m */; };
		0917EC4A1C4037D600BE2697 /* AppDelegate.m in Sources */ = {isa = PBXBuildFile; fileRef = 0917EC491C4037D600BE2697 /* AppDelegate.m */; };
		0917EC501C4037D600BE2697 /* Main.storyboard in Resources */ = {isa = PBXBuildFile; fileRef = 0917EC4E1C4037D600BE2697 /* Main.storyboard */; };
		0917EC521C4037D600BE2697 /* Assets.xcassets in Resources */ = {isa = PBXBuildFile; fileRef = 0917EC511C4037D600BE2697 /* Assets.xcassets */; };
		0917EC551C4037D600BE2697 /* LaunchScreen.storyboard in Resources */ = {isa = PBXBuildFile; fileRef = 0917EC531C4037D600BE2697 /* LaunchScreen.storyboard */; };
		0917EC601C4037D600BE2697 /* TribesTests.m in Sources */ = {isa = PBXBuildFile; fileRef = 0917EC5F1C4037D600BE2697 /* TribesTests.m */; };
		0917EC6B1C4037D600BE2697 /* TribesUITests.m in Sources */ = {isa = PBXBuildFile; fileRef = 0917EC6A1C4037D600BE2697 /* TribesUITests.m */; };
		091BD8CE1D064D6000EC74AD /* AddFriendByUsernameTableViewController.m in Sources */ = {isa = PBXBuildFile; fileRef = 091BD8CD1D064D6000EC74AD /* AddFriendByUsernameTableViewController.m */; };
		091C37331CF49F3A0020B6BE /* EmailValidationViewController.m in Sources */ = {isa = PBXBuildFile; fileRef = 091C37321CF49F3A0020B6BE /* EmailValidationViewController.m */; };
		091C37361CF4A9B50020B6BE /* PasswordValidationViewController.m in Sources */ = {isa = PBXBuildFile; fileRef = 091C37351CF4A9B50020B6BE /* PasswordValidationViewController.m */; };
		091C37391CF4AE930020B6BE /* UsernameValidationViewController.m in Sources */ = {isa = PBXBuildFile; fileRef = 091C37381CF4AE930020B6BE /* UsernameValidationViewController.m */; };
		091C37401CF747870020B6BE /* LogInViewController.m in Sources */ = {isa = PBXBuildFile; fileRef = 091C373F1CF747870020B6BE /* LogInViewController.m */; };
		0923AD0F1CB41BA00022753D /* StoreKit.framework in Frameworks */ = {isa = PBXBuildFile; fileRef = 0923AD0E1CB41BA00022753D /* StoreKit.framework */; };
		0923AD131CB41BC00022753D /* PremiumViewController.m in Sources */ = {isa = PBXBuildFile; fileRef = 0923AD111CB41BC00022753D /* PremiumViewController.m */; };
		0923AD141CB41BC00022753D /* PremiumViewController.xib in Resources */ = {isa = PBXBuildFile; fileRef = 0923AD121CB41BC00022753D /* PremiumViewController.xib */; };
		0923AD181CB42B100022753D /* IAPHelper.m in Sources */ = {isa = PBXBuildFile; fileRef = 0923AD171CB42B100022753D /* IAPHelper.m */; };
		0923F7251D18433600994D1D /* CustomCellEngine.m in Sources */ = {isa = PBXBuildFile; fileRef = 0923F7241D18433600994D1D /* CustomCellEngine.m */; };
		0948EF6D1D0718E80074BF35 /* SendTextTableViewController.m in Sources */ = {isa = PBXBuildFile; fileRef = 0948EF6C1D0718E80074BF35 /* SendTextTableViewController.m */; };
		0965E5821C87F4EE00FFA9C9 /* Habit.m in Sources */ = {isa = PBXBuildFile; fileRef = 0965E5811C87F4EE00FFA9C9 /* Habit.m */; };
		09688B241C768C2D001B7752 /* KRConfettiView.m in Sources */ = {isa = PBXBuildFile; fileRef = 09688B231C768C2D001B7752 /* KRConfettiView.m */; };
		09688B2E1C7AB8FB001B7752 /* completion-sound.mp3 in Resources */ = {isa = PBXBuildFile; fileRef = 09688B2D1C7AB8FB001B7752 /* completion-sound.mp3 */; };
		09688B321C7B7D92001B7752 /* HabitSettingsTableViewController.m in Sources */ = {isa = PBXBuildFile; fileRef = 09688B311C7B7D92001B7752 /* HabitSettingsTableViewController.m */; };
		09850B1E1C8F343400FE9609 /* TribeMenuTableViewController.m in Sources */ = {isa = PBXBuildFile; fileRef = 09850B1D1C8F343400FE9609 /* TribeMenuTableViewController.m */; };
		09850B221C8F8DFF00FE9609 /* AddHabitTableViewController.m in Sources */ = {isa = PBXBuildFile; fileRef = 09850B211C8F8DFF00FE9609 /* AddHabitTableViewController.m */; };
		098976D81C405693001E14D1 /* libPods-Tribes.a in Frameworks */ = {isa = PBXBuildFile; fileRef = 015448C5FC9CB4BF1F612375 /* libPods-Tribes.a */; };
		0993B5151C550F910008B7E5 /* User.m in Sources */ = {isa = PBXBuildFile; fileRef = 0993B5141C550F910008B7E5 /* User.m */; };
		0993B5181C5537940008B7E5 /* Activity.m in Sources */ = {isa = PBXBuildFile; fileRef = 0993B5171C5537940008B7E5 /* Activity.m */; };
		099760531C7D2710008E88A7 /* SignUpOrLoginViewController.m in Sources */ = {isa = PBXBuildFile; fileRef = 099760521C7D2710008E88A7 /* SignUpOrLoginViewController.m */; };
		099760561C7E1E8B008E88A7 /* SignUpValidation.m in Sources */ = {isa = PBXBuildFile; fileRef = 099760551C7E1E8B008E88A7 /* SignUpValidation.m */; };
		099BB2011C9520E100A734F0 /* MembersTableViewController.m in Sources */ = {isa = PBXBuildFile; fileRef = 099BB2001C9520E100A734F0 /* MembersTableViewController.m */; };
		099BB2041C9524F300A734F0 /* HabitsTableViewController.m in Sources */ = {isa = PBXBuildFile; fileRef = 099BB2031C9524F300A734F0 /* HabitsTableViewController.m */; };
		09AC31941CDAB4BD00D40BC8 /* Tribes-Intro.mp4 in Resources */ = {isa = PBXBuildFile; fileRef = 09AC31931CDAB4BD00D40BC8 /* Tribes-Intro.mp4 */; };
		09AC31971CDB892700D40BC8 /* cropped tribes tutorial.mp4 in Resources */ = {isa = PBXBuildFile; fileRef = 09AC31951CDB892700D40BC8 /* cropped tribes tutorial.mp4 */; };
		09BDD94F1C7E929000061567 /* HYBubbleButton.m in Sources */ = {isa = PBXBuildFile; fileRef = 09BDD94E1C7E929000061567 /* HYBubbleButton.m */; };
		09C658581C46CFA2008C4EC3 /* TribeDetailTableViewController.m in Sources */ = {isa = PBXBuildFile; fileRef = 09C658571C46CFA2008C4EC3 /* TribeDetailTableViewController.m */; };
		09C6585D1C47F188008C4EC3 /* Tribe.m in Sources */ = {isa = PBXBuildFile; fileRef = 09C6585C1C47F188008C4EC3 /* Tribe.m */; };
		09E9C65F1CF8914500B5E87E /* JoinTribeManagerTableViewController.m in Sources */ = {isa = PBXBuildFile; fileRef = 09E9C65E1CF8914500B5E87E /* JoinTribeManagerTableViewController.m */; };
		09E9C6621CF8997C00B5E87E /* CreateATribeViewController.m in Sources */ = {isa = PBXBuildFile; fileRef = 09E9C6611CF8997C00B5E87E /* CreateATribeViewController.m */; };
		09E9C6691CF8AF1900B5E87E /* libParse.a in Frameworks */ = {isa = PBXBuildFile; fileRef = 09E9C6681CF8AF1900B5E87E /* libParse.a */; };
		09E9C66C1CF8B27700B5E87E /* FindTribesViewController.m in Sources */ = {isa = PBXBuildFile; fileRef = 09E9C66B1CF8B27700B5E87E /* FindTribesViewController.m */; };
		09F2BF781C40575D008ABDF7 /* AudioToolbox.framework in Frameworks */ = {isa = PBXBuildFile; fileRef = 09F2BF771C40575D008ABDF7 /* AudioToolbox.framework */; };
		09F2BF7A1C405765008ABDF7 /* CFNetwork.framework in Frameworks */ = {isa = PBXBuildFile; fileRef = 09F2BF791C405765008ABDF7 /* CFNetwork.framework */; };
		09F2BF7C1C40576D008ABDF7 /* CoreGraphics.framework in Frameworks */ = {isa = PBXBuildFile; fileRef = 09F2BF7B1C40576D008ABDF7 /* CoreGraphics.framework */; };
		09F2BF7E1C405775008ABDF7 /* CoreLocation.framework in Frameworks */ = {isa = PBXBuildFile; fileRef = 09F2BF7D1C405775008ABDF7 /* CoreLocation.framework */; };
		09F2BF801C40577B008ABDF7 /* QuartzCore.framework in Frameworks */ = {isa = PBXBuildFile; fileRef = 09F2BF7F1C40577B008ABDF7 /* QuartzCore.framework */; };
		09F2BF821C405782008ABDF7 /* Security.framework in Frameworks */ = {isa = PBXBuildFile; fileRef = 09F2BF811C405782008ABDF7 /* Security.framework */; };
		09F2BF861C405792008ABDF7 /* SystemConfiguration.framework in Frameworks */ = {isa = PBXBuildFile; fileRef = 09F2BF851C405791008ABDF7 /* SystemConfiguration.framework */; };
		09F2BF881C405799008ABDF7 /* libz.tbd in Frameworks */ = {isa = PBXBuildFile; fileRef = 09F2BF871C405799008ABDF7 /* libz.tbd */; };
		09F2BF8A1C4057A4008ABDF7 /* libsqlite3.tbd in Frameworks */ = {isa = PBXBuildFile; fileRef = 09F2BF891C4057A4008ABDF7 /* libsqlite3.tbd */; };
		09F2BF8D1C40597B008ABDF7 /* TribesTableViewController.m in Sources */ = {isa = PBXBuildFile; fileRef = 09F2BF8C1C40597B008ABDF7 /* TribesTableViewController.m */; };
		09F7DD161CBDA25600503205 /* AddMemberOrHabitMenuTableViewController.m in Sources */ = {isa = PBXBuildFile; fileRef = 09F7DD151CBDA25600503205 /* AddMemberOrHabitMenuTableViewController.m */; };
/* End PBXBuildFile section */

/* Begin PBXContainerItemProxy section */
		0917EC5C1C4037D600BE2697 /* PBXContainerItemProxy */ = {
			isa = PBXContainerItemProxy;
			containerPortal = 0917EC3A1C4037D500BE2697 /* Project object */;
			proxyType = 1;
			remoteGlobalIDString = 0917EC411C4037D600BE2697;
			remoteInfo = Tribes;
		};
		0917EC671C4037D600BE2697 /* PBXContainerItemProxy */ = {
			isa = PBXContainerItemProxy;
			containerPortal = 0917EC3A1C4037D500BE2697 /* Project object */;
			proxyType = 1;
			remoteGlobalIDString = 0917EC411C4037D600BE2697;
			remoteInfo = Tribes;
		};
/* End PBXContainerItemProxy section */

/* Begin PBXFileReference section */
		015448C5FC9CB4BF1F612375 /* libPods-Tribes.a */ = {isa = PBXFileReference; explicitFileType = archive.ar; includeInIndex = 0; path = "libPods-Tribes.a"; sourceTree = BUILT_PRODUCTS_DIR; };
		090C238F1CBC84E300A52DF6 /* PremiumChildViewController.h */ = {isa = PBXFileReference; fileEncoding = 4; lastKnownFileType = sourcecode.c.h; path = PremiumChildViewController.h; sourceTree = "<group>"; };
		090C23901CBC84E300A52DF6 /* PremiumChildViewController.m */ = {isa = PBXFileReference; fileEncoding = 4; lastKnownFileType = sourcecode.c.objc; path = PremiumChildViewController.m; sourceTree = "<group>"; };
		090C23911CBC84E300A52DF6 /* PremiumChildViewController.xib */ = {isa = PBXFileReference; fileEncoding = 4; lastKnownFileType = file.xib; path = PremiumChildViewController.xib; sourceTree = "<group>"; };
		090C23941CBD9EBF00A52DF6 /* AddManagerTableViewController.h */ = {isa = PBXFileReference; fileEncoding = 4; lastKnownFileType = sourcecode.c.h; path = AddManagerTableViewController.h; sourceTree = "<group>"; };
		090C23951CBD9EBF00A52DF6 /* AddManagerTableViewController.m */ = {isa = PBXFileReference; fileEncoding = 4; lastKnownFileType = sourcecode.c.objc; path = AddManagerTableViewController.m; sourceTree = "<group>"; };
		090EDC4F1C9B5567005D3477 /* SettingsTableViewController.h */ = {isa = PBXFileReference; fileEncoding = 4; lastKnownFileType = sourcecode.c.h; path = SettingsTableViewController.h; sourceTree = "<group>"; };
		090EDC501C9B5567005D3477 /* SettingsTableViewController.m */ = {isa = PBXFileReference; fileEncoding = 4; lastKnownFileType = sourcecode.c.objc; path = SettingsTableViewController.m; sourceTree = "<group>"; };
		0917EC421C4037D600BE2697 /* Tribes.app */ = {isa = PBXFileReference; explicitFileType = wrapper.application; includeInIndex = 0; path = Tribes.app; sourceTree = BUILT_PRODUCTS_DIR; };
		0917EC461C4037D600BE2697 /* main.m */ = {isa = PBXFileReference; lastKnownFileType = sourcecode.c.objc; path = main.m; sourceTree = "<group>"; };
		0917EC481C4037D600BE2697 /* AppDelegate.h */ = {isa = PBXFileReference; lastKnownFileType = sourcecode.c.h; path = AppDelegate.h; sourceTree = "<group>"; };
		0917EC491C4037D600BE2697 /* AppDelegate.m */ = {isa = PBXFileReference; lastKnownFileType = sourcecode.c.objc; path = AppDelegate.m; sourceTree = "<group>"; };
		0917EC4F1C4037D600BE2697 /* Base */ = {isa = PBXFileReference; lastKnownFileType = file.storyboard; name = Base; path = Base.lproj/Main.storyboard; sourceTree = "<group>"; };
		0917EC511C4037D600BE2697 /* Assets.xcassets */ = {isa = PBXFileReference; lastKnownFileType = folder.assetcatalog; path = Assets.xcassets; sourceTree = "<group>"; };
		0917EC541C4037D600BE2697 /* Base */ = {isa = PBXFileReference; lastKnownFileType = file.storyboard; name = Base; path = Base.lproj/LaunchScreen.storyboard; sourceTree = "<group>"; };
		0917EC561C4037D600BE2697 /* Info.plist */ = {isa = PBXFileReference; lastKnownFileType = text.plist.xml; path = Info.plist; sourceTree = "<group>"; };
		0917EC5B1C4037D600BE2697 /* TribesTests.xctest */ = {isa = PBXFileReference; explicitFileType = wrapper.cfbundle; includeInIndex = 0; path = TribesTests.xctest; sourceTree = BUILT_PRODUCTS_DIR; };
		0917EC5F1C4037D600BE2697 /* TribesTests.m */ = {isa = PBXFileReference; lastKnownFileType = sourcecode.c.objc; path = TribesTests.m; sourceTree = "<group>"; };
		0917EC611C4037D600BE2697 /* Info.plist */ = {isa = PBXFileReference; lastKnownFileType = text.plist.xml; path = Info.plist; sourceTree = "<group>"; };
		0917EC661C4037D600BE2697 /* TribesUITests.xctest */ = {isa = PBXFileReference; explicitFileType = wrapper.cfbundle; includeInIndex = 0; path = TribesUITests.xctest; sourceTree = BUILT_PRODUCTS_DIR; };
		0917EC6A1C4037D600BE2697 /* TribesUITests.m */ = {isa = PBXFileReference; lastKnownFileType = sourcecode.c.objc; path = TribesUITests.m; sourceTree = "<group>"; };
		0917EC6C1C4037D600BE2697 /* Info.plist */ = {isa = PBXFileReference; lastKnownFileType = text.plist.xml; path = Info.plist; sourceTree = "<group>"; };
		091BD8CC1D064D6000EC74AD /* AddFriendByUsernameTableViewController.h */ = {isa = PBXFileReference; fileEncoding = 4; lastKnownFileType = sourcecode.c.h; path = AddFriendByUsernameTableViewController.h; sourceTree = "<group>"; };
		091BD8CD1D064D6000EC74AD /* AddFriendByUsernameTableViewController.m */ = {isa = PBXFileReference; fileEncoding = 4; lastKnownFileType = sourcecode.c.objc; path = AddFriendByUsernameTableViewController.m; sourceTree = "<group>"; };
		091C37311CF49F3A0020B6BE /* EmailValidationViewController.h */ = {isa = PBXFileReference; fileEncoding = 4; lastKnownFileType = sourcecode.c.h; path = EmailValidationViewController.h; sourceTree = "<group>"; };
		091C37321CF49F3A0020B6BE /* EmailValidationViewController.m */ = {isa = PBXFileReference; fileEncoding = 4; lastKnownFileType = sourcecode.c.objc; path = EmailValidationViewController.m; sourceTree = "<group>"; };
		091C37341CF4A9B50020B6BE /* PasswordValidationViewController.h */ = {isa = PBXFileReference; fileEncoding = 4; lastKnownFileType = sourcecode.c.h; path = PasswordValidationViewController.h; sourceTree = "<group>"; };
		091C37351CF4A9B50020B6BE /* PasswordValidationViewController.m */ = {isa = PBXFileReference; fileEncoding = 4; lastKnownFileType = sourcecode.c.objc; path = PasswordValidationViewController.m; sourceTree = "<group>"; };
		091C37371CF4AE930020B6BE /* UsernameValidationViewController.h */ = {isa = PBXFileReference; fileEncoding = 4; lastKnownFileType = sourcecode.c.h; path = UsernameValidationViewController.h; sourceTree = "<group>"; };
		091C37381CF4AE930020B6BE /* UsernameValidationViewController.m */ = {isa = PBXFileReference; fileEncoding = 4; lastKnownFileType = sourcecode.c.objc; path = UsernameValidationViewController.m; sourceTree = "<group>"; };
		091C373E1CF747870020B6BE /* LogInViewController.h */ = {isa = PBXFileReference; fileEncoding = 4; lastKnownFileType = sourcecode.c.h; path = LogInViewController.h; sourceTree = "<group>"; };
		091C373F1CF747870020B6BE /* LogInViewController.m */ = {isa = PBXFileReference; fileEncoding = 4; lastKnownFileType = sourcecode.c.objc; path = LogInViewController.m; sourceTree = "<group>"; };
		0923AD0E1CB41BA00022753D /* StoreKit.framework */ = {isa = PBXFileReference; lastKnownFileType = wrapper.framework; name = StoreKit.framework; path = System/Library/Frameworks/StoreKit.framework; sourceTree = SDKROOT; };
		0923AD101CB41BC00022753D /* PremiumViewController.h */ = {isa = PBXFileReference; fileEncoding = 4; lastKnownFileType = sourcecode.c.h; path = PremiumViewController.h; sourceTree = "<group>"; };
		0923AD111CB41BC00022753D /* PremiumViewController.m */ = {isa = PBXFileReference; fileEncoding = 4; lastKnownFileType = sourcecode.c.objc; path = PremiumViewController.m; sourceTree = "<group>"; };
		0923AD121CB41BC00022753D /* PremiumViewController.xib */ = {isa = PBXFileReference; fileEncoding = 4; lastKnownFileType = file.xib; path = PremiumViewController.xib; sourceTree = "<group>"; };
		0923AD161CB42B100022753D /* IAPHelper.h */ = {isa = PBXFileReference; fileEncoding = 4; lastKnownFileType = sourcecode.c.h; path = IAPHelper.h; sourceTree = "<group>"; };
		0923AD171CB42B100022753D /* IAPHelper.m */ = {isa = PBXFileReference; fileEncoding = 4; lastKnownFileType = sourcecode.c.objc; path = IAPHelper.m; sourceTree = "<group>"; };
		0923F7231D18433600994D1D /* CustomCellEngine.h */ = {isa = PBXFileReference; fileEncoding = 4; lastKnownFileType = sourcecode.c.h; path = CustomCellEngine.h; sourceTree = "<group>"; };
		0923F7241D18433600994D1D /* CustomCellEngine.m */ = {isa = PBXFileReference; fileEncoding = 4; lastKnownFileType = sourcecode.c.objc; path = CustomCellEngine.m; sourceTree = "<group>"; };
		0948EF6B1D0718E80074BF35 /* SendTextTableViewController.h */ = {isa = PBXFileReference; fileEncoding = 4; lastKnownFileType = sourcecode.c.h; path = SendTextTableViewController.h; sourceTree = "<group>"; };
		0948EF6C1D0718E80074BF35 /* SendTextTableViewController.m */ = {isa = PBXFileReference; fileEncoding = 4; lastKnownFileType = sourcecode.c.objc; path = SendTextTableViewController.m; sourceTree = "<group>"; };
		0965E5801C87F4EE00FFA9C9 /* Habit.h */ = {isa = PBXFileReference; fileEncoding = 4; lastKnownFileType = sourcecode.c.h; path = Habit.h; sourceTree = "<group>"; };
		0965E5811C87F4EE00FFA9C9 /* Habit.m */ = {isa = PBXFileReference; fileEncoding = 4; lastKnownFileType = sourcecode.c.objc; path = Habit.m; sourceTree = "<group>"; };
		09688B221C768C2D001B7752 /* KRConfettiView.h */ = {isa = PBXFileReference; fileEncoding = 4; lastKnownFileType = sourcecode.c.h; path = KRConfettiView.h; sourceTree = "<group>"; };
		09688B231C768C2D001B7752 /* KRConfettiView.m */ = {isa = PBXFileReference; fileEncoding = 4; lastKnownFileType = sourcecode.c.objc; path = KRConfettiView.m; sourceTree = "<group>"; };
		09688B2D1C7AB8FB001B7752 /* completion-sound.mp3 */ = {isa = PBXFileReference; lastKnownFileType = audio.mp3; path = "completion-sound.mp3"; sourceTree = "<group>"; };
		09688B301C7B7D92001B7752 /* HabitSettingsTableViewController.h */ = {isa = PBXFileReference; fileEncoding = 4; lastKnownFileType = sourcecode.c.h; path = HabitSettingsTableViewController.h; sourceTree = "<group>"; };
		09688B311C7B7D92001B7752 /* HabitSettingsTableViewController.m */ = {isa = PBXFileReference; fileEncoding = 4; lastKnownFileType = sourcecode.c.objc; path = HabitSettingsTableViewController.m; sourceTree = "<group>"; };
		09850B1C1C8F343400FE9609 /* TribeMenuTableViewController.h */ = {isa = PBXFileReference; fileEncoding = 4; lastKnownFileType = sourcecode.c.h; path = TribeMenuTableViewController.h; sourceTree = "<group>"; };
		09850B1D1C8F343400FE9609 /* TribeMenuTableViewController.m */ = {isa = PBXFileReference; fileEncoding = 4; lastKnownFileType = sourcecode.c.objc; path = TribeMenuTableViewController.m; sourceTree = "<group>"; };
		09850B201C8F8DFF00FE9609 /* AddHabitTableViewController.h */ = {isa = PBXFileReference; fileEncoding = 4; lastKnownFileType = sourcecode.c.h; path = AddHabitTableViewController.h; sourceTree = "<group>"; };
		09850B211C8F8DFF00FE9609 /* AddHabitTableViewController.m */ = {isa = PBXFileReference; fileEncoding = 4; lastKnownFileType = sourcecode.c.objc; path = AddHabitTableViewController.m; sourceTree = "<group>"; };
		0993B5131C550F910008B7E5 /* User.h */ = {isa = PBXFileReference; fileEncoding = 4; lastKnownFileType = sourcecode.c.h; path = User.h; sourceTree = "<group>"; };
		0993B5141C550F910008B7E5 /* User.m */ = {isa = PBXFileReference; fileEncoding = 4; lastKnownFileType = sourcecode.c.objc; path = User.m; sourceTree = "<group>"; };
		0993B5161C5537940008B7E5 /* Activity.h */ = {isa = PBXFileReference; fileEncoding = 4; lastKnownFileType = sourcecode.c.h; path = Activity.h; sourceTree = "<group>"; };
		0993B5171C5537940008B7E5 /* Activity.m */ = {isa = PBXFileReference; fileEncoding = 4; lastKnownFileType = sourcecode.c.objc; path = Activity.m; sourceTree = "<group>"; };
		099760511C7D2710008E88A7 /* SignUpOrLoginViewController.h */ = {isa = PBXFileReference; fileEncoding = 4; lastKnownFileType = sourcecode.c.h; path = SignUpOrLoginViewController.h; sourceTree = "<group>"; };
		099760521C7D2710008E88A7 /* SignUpOrLoginViewController.m */ = {isa = PBXFileReference; fileEncoding = 4; lastKnownFileType = sourcecode.c.objc; path = SignUpOrLoginViewController.m; sourceTree = "<group>"; };
		099760541C7E1E8B008E88A7 /* SignUpValidation.h */ = {isa = PBXFileReference; fileEncoding = 4; lastKnownFileType = sourcecode.c.h; path = SignUpValidation.h; sourceTree = "<group>"; };
		099760551C7E1E8B008E88A7 /* SignUpValidation.m */ = {isa = PBXFileReference; fileEncoding = 4; lastKnownFileType = sourcecode.c.objc; path = SignUpValidation.m; sourceTree = "<group>"; };
		099BB1FF1C9520E100A734F0 /* MembersTableViewController.h */ = {isa = PBXFileReference; fileEncoding = 4; lastKnownFileType = sourcecode.c.h; path = MembersTableViewController.h; sourceTree = "<group>"; };
		099BB2001C9520E100A734F0 /* MembersTableViewController.m */ = {isa = PBXFileReference; fileEncoding = 4; lastKnownFileType = sourcecode.c.objc; path = MembersTableViewController.m; sourceTree = "<group>"; };
		099BB2021C9524F300A734F0 /* HabitsTableViewController.h */ = {isa = PBXFileReference; fileEncoding = 4; lastKnownFileType = sourcecode.c.h; path = HabitsTableViewController.h; sourceTree = "<group>"; };
		099BB2031C9524F300A734F0 /* HabitsTableViewController.m */ = {isa = PBXFileReference; fileEncoding = 4; lastKnownFileType = sourcecode.c.objc; path = HabitsTableViewController.m; sourceTree = "<group>"; };
		09AC31931CDAB4BD00D40BC8 /* Tribes-Intro.mp4 */ = {isa = PBXFileReference; lastKnownFileType = file; path = "Tribes-Intro.mp4"; sourceTree = "<group>"; };
		09AC31951CDB892700D40BC8 /* cropped tribes tutorial.mp4 */ = {isa = PBXFileReference; lastKnownFileType = file; path = "cropped tribes tutorial.mp4"; sourceTree = "<group>"; };
		09BDD94D1C7E929000061567 /* HYBubbleButton.h */ = {isa = PBXFileReference; fileEncoding = 4; lastKnownFileType = sourcecode.c.h; path = HYBubbleButton.h; sourceTree = "<group>"; };
		09BDD94E1C7E929000061567 /* HYBubbleButton.m */ = {isa = PBXFileReference; fileEncoding = 4; lastKnownFileType = sourcecode.c.objc; path = HYBubbleButton.m; sourceTree = "<group>"; };
		09C658561C46CFA2008C4EC3 /* TribeDetailTableViewController.h */ = {isa = PBXFileReference; fileEncoding = 4; lastKnownFileType = sourcecode.c.h; path = TribeDetailTableViewController.h; sourceTree = "<group>"; };
		09C658571C46CFA2008C4EC3 /* TribeDetailTableViewController.m */ = {isa = PBXFileReference; fileEncoding = 4; lastKnownFileType = sourcecode.c.objc; path = TribeDetailTableViewController.m; sourceTree = "<group>"; };
		09C6585B1C47F188008C4EC3 /* Tribe.h */ = {isa = PBXFileReference; fileEncoding = 4; lastKnownFileType = sourcecode.c.h; path = Tribe.h; sourceTree = "<group>"; };
		09C6585C1C47F188008C4EC3 /* Tribe.m */ = {isa = PBXFileReference; fileEncoding = 4; lastKnownFileType = sourcecode.c.objc; path = Tribe.m; sourceTree = "<group>"; };
		09E9C65D1CF8914500B5E87E /* JoinTribeManagerTableViewController.h */ = {isa = PBXFileReference; fileEncoding = 4; lastKnownFileType = sourcecode.c.h; path = JoinTribeManagerTableViewController.h; sourceTree = "<group>"; };
		09E9C65E1CF8914500B5E87E /* JoinTribeManagerTableViewController.m */ = {isa = PBXFileReference; fileEncoding = 4; lastKnownFileType = sourcecode.c.objc; path = JoinTribeManagerTableViewController.m; sourceTree = "<group>"; };
		09E9C6601CF8997C00B5E87E /* CreateATribeViewController.h */ = {isa = PBXFileReference; fileEncoding = 4; lastKnownFileType = sourcecode.c.h; path = CreateATribeViewController.h; sourceTree = "<group>"; };
		09E9C6611CF8997C00B5E87E /* CreateATribeViewController.m */ = {isa = PBXFileReference; fileEncoding = 4; lastKnownFileType = sourcecode.c.objc; path = CreateATribeViewController.m; sourceTree = "<group>"; };
		09E9C6681CF8AF1900B5E87E /* libParse.a */ = {isa = PBXFileReference; lastKnownFileType = archive.ar; name = libParse.a; path = "../../../Library/Developer/Xcode/DerivedData/Tribes-fxjlahrsclfsxifqlbmrttdiicmd/Build/Products/Debug-iphonesimulator/libParse.a"; sourceTree = "<group>"; };
		09E9C66A1CF8B27700B5E87E /* FindTribesViewController.h */ = {isa = PBXFileReference; fileEncoding = 4; lastKnownFileType = sourcecode.c.h; path = FindTribesViewController.h; sourceTree = "<group>"; };
		09E9C66B1CF8B27700B5E87E /* FindTribesViewController.m */ = {isa = PBXFileReference; fileEncoding = 4; lastKnownFileType = sourcecode.c.objc; path = FindTribesViewController.m; sourceTree = "<group>"; };
		09F2BF771C40575D008ABDF7 /* AudioToolbox.framework */ = {isa = PBXFileReference; lastKnownFileType = wrapper.framework; name = AudioToolbox.framework; path = System/Library/Frameworks/AudioToolbox.framework; sourceTree = SDKROOT; };
		09F2BF791C405765008ABDF7 /* CFNetwork.framework */ = {isa = PBXFileReference; lastKnownFileType = wrapper.framework; name = CFNetwork.framework; path = System/Library/Frameworks/CFNetwork.framework; sourceTree = SDKROOT; };
		09F2BF7B1C40576D008ABDF7 /* CoreGraphics.framework */ = {isa = PBXFileReference; lastKnownFileType = wrapper.framework; name = CoreGraphics.framework; path = System/Library/Frameworks/CoreGraphics.framework; sourceTree = SDKROOT; };
		09F2BF7D1C405775008ABDF7 /* CoreLocation.framework */ = {isa = PBXFileReference; lastKnownFileType = wrapper.framework; name = CoreLocation.framework; path = System/Library/Frameworks/CoreLocation.framework; sourceTree = SDKROOT; };
		09F2BF7F1C40577B008ABDF7 /* QuartzCore.framework */ = {isa = PBXFileReference; lastKnownFileType = wrapper.framework; name = QuartzCore.framework; path = System/Library/Frameworks/QuartzCore.framework; sourceTree = SDKROOT; };
		09F2BF811C405782008ABDF7 /* Security.framework */ = {isa = PBXFileReference; lastKnownFileType = wrapper.framework; name = Security.framework; path = System/Library/Frameworks/Security.framework; sourceTree = SDKROOT; };
		09F2BF851C405791008ABDF7 /* SystemConfiguration.framework */ = {isa = PBXFileReference; lastKnownFileType = wrapper.framework; name = SystemConfiguration.framework; path = System/Library/Frameworks/SystemConfiguration.framework; sourceTree = SDKROOT; };
		09F2BF871C405799008ABDF7 /* libz.tbd */ = {isa = PBXFileReference; lastKnownFileType = "sourcecode.text-based-dylib-definition"; name = libz.tbd; path = usr/lib/libz.tbd; sourceTree = SDKROOT; };
		09F2BF891C4057A4008ABDF7 /* libsqlite3.tbd */ = {isa = PBXFileReference; lastKnownFileType = "sourcecode.text-based-dylib-definition"; name = libsqlite3.tbd; path = usr/lib/libsqlite3.tbd; sourceTree = SDKROOT; };
		09F2BF8B1C40597B008ABDF7 /* TribesTableViewController.h */ = {isa = PBXFileReference; fileEncoding = 4; lastKnownFileType = sourcecode.c.h; path = TribesTableViewController.h; sourceTree = "<group>"; };
		09F2BF8C1C40597B008ABDF7 /* TribesTableViewController.m */ = {isa = PBXFileReference; fileEncoding = 4; lastKnownFileType = sourcecode.c.objc; path = TribesTableViewController.m; sourceTree = "<group>"; };
		09F7DD141CBDA25600503205 /* AddMemberOrHabitMenuTableViewController.h */ = {isa = PBXFileReference; fileEncoding = 4; lastKnownFileType = sourcecode.c.h; path = AddMemberOrHabitMenuTableViewController.h; sourceTree = "<group>"; };
		09F7DD151CBDA25600503205 /* AddMemberOrHabitMenuTableViewController.m */ = {isa = PBXFileReference; fileEncoding = 4; lastKnownFileType = sourcecode.c.objc; path = AddMemberOrHabitMenuTableViewController.m; sourceTree = "<group>"; };
		A309CDB5F419EAF7FFA3C780 /* Pods-Tribes.release.xcconfig */ = {isa = PBXFileReference; includeInIndex = 1; lastKnownFileType = text.xcconfig; name = "Pods-Tribes.release.xcconfig"; path = "Pods/Target Support Files/Pods-Tribes/Pods-Tribes.release.xcconfig"; sourceTree = "<group>"; };
		F69CD1EF3DA25D700DB49634 /* Pods-Tribes.debug.xcconfig */ = {isa = PBXFileReference; includeInIndex = 1; lastKnownFileType = text.xcconfig; name = "Pods-Tribes.debug.xcconfig"; path = "Pods/Target Support Files/Pods-Tribes/Pods-Tribes.debug.xcconfig"; sourceTree = "<group>"; };
/* End PBXFileReference section */

/* Begin PBXFrameworksBuildPhase section */
		0917EC3F1C4037D600BE2697 /* Frameworks */ = {
			isa = PBXFrameworksBuildPhase;
			buildActionMask = 2147483647;
			files = (
				09E9C6691CF8AF1900B5E87E /* libParse.a in Frameworks */,
				09F2BF781C40575D008ABDF7 /* AudioToolbox.framework in Frameworks */,
				09F2BF7C1C40576D008ABDF7 /* CoreGraphics.framework in Frameworks */,
				09F2BF7A1C405765008ABDF7 /* CFNetwork.framework in Frameworks */,
				0923AD0F1CB41BA00022753D /* StoreKit.framework in Frameworks */,
				09F2BF8A1C4057A4008ABDF7 /* libsqlite3.tbd in Frameworks */,
				09F2BF881C405799008ABDF7 /* libz.tbd in Frameworks */,
				09F2BF861C405792008ABDF7 /* SystemConfiguration.framework in Frameworks */,
				09F2BF821C405782008ABDF7 /* Security.framework in Frameworks */,
				09F2BF801C40577B008ABDF7 /* QuartzCore.framework in Frameworks */,
				09F2BF7E1C405775008ABDF7 /* CoreLocation.framework in Frameworks */,
				098976D81C405693001E14D1 /* libPods-Tribes.a in Frameworks */,
			);
			runOnlyForDeploymentPostprocessing = 0;
		};
		0917EC581C4037D600BE2697 /* Frameworks */ = {
			isa = PBXFrameworksBuildPhase;
			buildActionMask = 2147483647;
			files = (
			);
			runOnlyForDeploymentPostprocessing = 0;
		};
		0917EC631C4037D600BE2697 /* Frameworks */ = {
			isa = PBXFrameworksBuildPhase;
			buildActionMask = 2147483647;
			files = (
			);
			runOnlyForDeploymentPostprocessing = 0;
		};
/* End PBXFrameworksBuildPhase section */

/* Begin PBXGroup section */
		090C23971CBD9EC300A52DF6 /* Add manager (Tribes/Membs/Habits) */ = {
			isa = PBXGroup;
			children = (
				090C23941CBD9EBF00A52DF6 /* AddManagerTableViewController.h */,
				090C23951CBD9EBF00A52DF6 /* AddManagerTableViewController.m */,
				0993B5191C55385D0008B7E5 /* Creating/Joining Tribes */,
				09F7DD171CBDA25A00503205 /* AddMember/HabitMenu */,
			);
			name = "Add manager (Tribes/Membs/Habits)";
			sourceTree = "<group>";
		};
		090EDC521C9B556C005D3477 /* Settings */ = {
			isa = PBXGroup;
			children = (
				090EDC4F1C9B5567005D3477 /* SettingsTableViewController.h */,
				090EDC501C9B5567005D3477 /* SettingsTableViewController.m */,
			);
			name = Settings;
			sourceTree = "<group>";
		};
		0917EC391C4037D500BE2697 = {
			isa = PBXGroup;
			children = (
				0917EC441C4037D600BE2697 /* Tribes */,
				0917EC5E1C4037D600BE2697 /* TribesTests */,
				0917EC691C4037D600BE2697 /* TribesUITests */,
				0917EC431C4037D600BE2697 /* Products */,
				EA20DE349CAB29A2288BCB32 /* Pods */,
				B9B81BAF6BDE1D7C59ED6619 /* Frameworks */,
			);
			sourceTree = "<group>";
		};
		0917EC431C4037D600BE2697 /* Products */ = {
			isa = PBXGroup;
			children = (
				0917EC421C4037D600BE2697 /* Tribes.app */,
				0917EC5B1C4037D600BE2697 /* TribesTests.xctest */,
				0917EC661C4037D600BE2697 /* TribesUITests.xctest */,
			);
			name = Products;
			sourceTree = "<group>";
		};
		0917EC441C4037D600BE2697 /* Tribes */ = {
			isa = PBXGroup;
			children = (
				0917EC481C4037D600BE2697 /* AppDelegate.h */,
				0917EC491C4037D600BE2697 /* AppDelegate.m */,
				0917EC4E1C4037D600BE2697 /* Main.storyboard */,
				09688B2F1C7AB8FE001B7752 /* Audio */,
				09AC318F1CDA32BF00D40BC8 /* Resources */,
				09688B251C768C42001B7752 /* Extra functionality */,
				09C6585E1C47F18C008C4EC3 /* Models */,
				09F2BF911C4316E4008ABDF7 /* Controllers */,
				0917EC511C4037D600BE2697 /* Assets.xcassets */,
				0917EC531C4037D600BE2697 /* LaunchScreen.storyboard */,
				0917EC561C4037D600BE2697 /* Info.plist */,
				0917EC451C4037D600BE2697 /* Supporting Files */,
			);
			path = Tribes;
			sourceTree = "<group>";
		};
		0917EC451C4037D600BE2697 /* Supporting Files */ = {
			isa = PBXGroup;
			children = (
				0917EC461C4037D600BE2697 /* main.m */,
			);
			name = "Supporting Files";
			sourceTree = "<group>";
		};
		0917EC5E1C4037D600BE2697 /* TribesTests */ = {
			isa = PBXGroup;
			children = (
				0917EC5F1C4037D600BE2697 /* TribesTests.m */,
				0917EC611C4037D600BE2697 /* Info.plist */,
			);
			path = TribesTests;
			sourceTree = "<group>";
		};
		0917EC691C4037D600BE2697 /* TribesUITests */ = {
			isa = PBXGroup;
			children = (
				0917EC6A1C4037D600BE2697 /* TribesUITests.m */,
				0917EC6C1C4037D600BE2697 /* Info.plist */,
			);
			path = TribesUITests;
			sourceTree = "<group>";
		};
		091BFD731C85E005005D15AE /* KRConfettiView */ = {
			isa = PBXGroup;
			children = (
				09688B221C768C2D001B7752 /* KRConfettiView.h */,
				09688B231C768C2D001B7752 /* KRConfettiView.m */,
			);
			name = KRConfettiView;
			sourceTree = "<group>";
		};
		091C373D1CF7476C0020B6BE /* Sign up */ = {
			isa = PBXGroup;
			children = (
				091C37311CF49F3A0020B6BE /* EmailValidationViewController.h */,
				091C37321CF49F3A0020B6BE /* EmailValidationViewController.m */,
				091C37341CF4A9B50020B6BE /* PasswordValidationViewController.h */,
				091C37351CF4A9B50020B6BE /* PasswordValidationViewController.m */,
				091C37371CF4AE930020B6BE /* UsernameValidationViewController.h */,
				091C37381CF4AE930020B6BE /* UsernameValidationViewController.m */,
			);
			name = "Sign up";
			sourceTree = "<group>";
		};
		091C37411CF785EA0020B6BE /* Log in */ = {
			isa = PBXGroup;
			children = (
				091C373E1CF747870020B6BE /* LogInViewController.h */,
				091C373F1CF747870020B6BE /* LogInViewController.m */,
			);
			name = "Log in";
			sourceTree = "<group>";
		};
		0923AD151CB41BC50022753D /* Premium */ = {
			isa = PBXGroup;
			children = (
				0923AD101CB41BC00022753D /* PremiumViewController.h */,
				0923AD111CB41BC00022753D /* PremiumViewController.m */,
				0923AD121CB41BC00022753D /* PremiumViewController.xib */,
				090C238F1CBC84E300A52DF6 /* PremiumChildViewController.h */,
				090C23901CBC84E300A52DF6 /* PremiumChildViewController.m */,
				090C23911CBC84E300A52DF6 /* PremiumChildViewController.xib */,
			);
			name = Premium;
			sourceTree = "<group>";
		};
		09688B251C768C42001B7752 /* Extra functionality */ = {
			isa = PBXGroup;
			children = (
				091BFD731C85E005005D15AE /* KRConfettiView */,
				09BDD94C1C7E929000061567 /* HYBubbleButton */,
			);
			name = "Extra functionality";
			sourceTree = "<group>";
		};
		09688B291C77CE9A001B7752 /* Habit Detail VC */ = {
			isa = PBXGroup;
			children = (
				09C658561C46CFA2008C4EC3 /* TribeDetailTableViewController.h */,
				09C658571C46CFA2008C4EC3 /* TribeDetailTableViewController.m */,
				09688B331C7B7D96001B7752 /* Habit Settings */,
			);
			name = "Habit Detail VC";
			sourceTree = "<group>";
		};
		09688B2F1C7AB8FE001B7752 /* Audio */ = {
			isa = PBXGroup;
			children = (
				09688B2D1C7AB8FB001B7752 /* completion-sound.mp3 */,
			);
			name = Audio;
			sourceTree = "<group>";
		};
		09688B331C7B7D96001B7752 /* Habit Settings */ = {
			isa = PBXGroup;
			children = (
				09688B301C7B7D92001B7752 /* HabitSettingsTableViewController.h */,
				09688B311C7B7D92001B7752 /* HabitSettingsTableViewController.m */,
			);
			name = "Habit Settings";
			sourceTree = "<group>";
		};
		09850B1F1C8F343E00FE9609 /* Tribe Menu */ = {
			isa = PBXGroup;
			children = (
				09850B1C1C8F343400FE9609 /* TribeMenuTableViewController.h */,
				09850B1D1C8F343400FE9609 /* TribeMenuTableViewController.m */,
			);
			name = "Tribe Menu";
			sourceTree = "<group>";
		};
		09850B231C8F8E0300FE9609 /* Add Habit */ = {
			isa = PBXGroup;
			children = (
				099BB2021C9524F300A734F0 /* HabitsTableViewController.h */,
				099BB2031C9524F300A734F0 /* HabitsTableViewController.m */,
				09850B201C8F8DFF00FE9609 /* AddHabitTableViewController.h */,
				09850B211C8F8DFF00FE9609 /* AddHabitTableViewController.m */,
			);
			name = "Add Habit";
			sourceTree = "<group>";
		};
		0993B5191C55385D0008B7E5 /* Creating/Joining Tribes */ = {
			isa = PBXGroup;
			children = (
				09E9C65D1CF8914500B5E87E /* JoinTribeManagerTableViewController.h */,
				09E9C65E1CF8914500B5E87E /* JoinTribeManagerTableViewController.m */,
				09E9C6631CF89B8400B5E87E /* Create a Tribe */,
				09E9C6671CF8AAE900B5E87E /* Join a Tribe */,
			);
			name = "Creating/Joining Tribes";
			sourceTree = "<group>";
		};
		09AC318F1CDA32BF00D40BC8 /* Resources */ = {
			isa = PBXGroup;
			children = (
				09AC31951CDB892700D40BC8 /* cropped tribes tutorial.mp4 */,
				09AC31931CDAB4BD00D40BC8 /* Tribes-Intro.mp4 */,
			);
			name = Resources;
			sourceTree = "<group>";
		};
		09BDD94C1C7E929000061567 /* HYBubbleButton */ = {
			isa = PBXGroup;
			children = (
				09BDD94D1C7E929000061567 /* HYBubbleButton.h */,
				09BDD94E1C7E929000061567 /* HYBubbleButton.m */,
			);
			path = HYBubbleButton;
			sourceTree = "<group>";
		};
		09C658521C46CD6B008C4EC3 /* Signup/onboard */ = {
			isa = PBXGroup;
			children = (
				099760511C7D2710008E88A7 /* SignUpOrLoginViewController.h */,
				099760521C7D2710008E88A7 /* SignUpOrLoginViewController.m */,
				091C37411CF785EA0020B6BE /* Log in */,
				091C373D1CF7476C0020B6BE /* Sign up */,
			);
			name = Signup/onboard;
			sourceTree = "<group>";
		};
		09C6585E1C47F18C008C4EC3 /* Models */ = {
			isa = PBXGroup;
			children = (
				0923F7231D18433600994D1D /* CustomCellEngine.h */,
				0923F7241D18433600994D1D /* CustomCellEngine.m */,
				0923AD161CB42B100022753D /* IAPHelper.h */,
				0923AD171CB42B100022753D /* IAPHelper.m */,
				09C6585B1C47F188008C4EC3 /* Tribe.h */,
				09C6585C1C47F188008C4EC3 /* Tribe.m */,
				0965E5801C87F4EE00FFA9C9 /* Habit.h */,
				0965E5811C87F4EE00FFA9C9 /* Habit.m */,
				0993B5131C550F910008B7E5 /* User.h */,
				0993B5141C550F910008B7E5 /* User.m */,
				0993B5161C5537940008B7E5 /* Activity.h */,
				0993B5171C5537940008B7E5 /* Activity.m */,
				099760541C7E1E8B008E88A7 /* SignUpValidation.h */,
				099760551C7E1E8B008E88A7 /* SignUpValidation.m */,
			);
			name = Models;
			sourceTree = "<group>";
		};
		09C658621C483A64008C4EC3 /* Add friends */ = {
			isa = PBXGroup;
			children = (
				099BB1FF1C9520E100A734F0 /* MembersTableViewController.h */,
				099BB2001C9520E100A734F0 /* MembersTableViewController.m */,
				091BD8CC1D064D6000EC74AD /* AddFriendByUsernameTableViewController.h */,
				091BD8CD1D064D6000EC74AD /* AddFriendByUsernameTableViewController.m */,
				0948EF6B1D0718E80074BF35 /* SendTextTableViewController.h */,
				0948EF6C1D0718E80074BF35 /* SendTextTableViewController.m */,
			);
			name = "Add friends";
			sourceTree = "<group>";
		};
		09E9C6631CF89B8400B5E87E /* Create a Tribe */ = {
			isa = PBXGroup;
			children = (
				09E9C6601CF8997C00B5E87E /* CreateATribeViewController.h */,
				09E9C6611CF8997C00B5E87E /* CreateATribeViewController.m */,
			);
			name = "Create a Tribe";
			sourceTree = "<group>";
		};
		09E9C6671CF8AAE900B5E87E /* Join a Tribe */ = {
			isa = PBXGroup;
			children = (
				09E9C66A1CF8B27700B5E87E /* FindTribesViewController.h */,
				09E9C66B1CF8B27700B5E87E /* FindTribesViewController.m */,
			);
			name = "Join a Tribe";
			sourceTree = "<group>";
		};
		09F2BF911C4316E4008ABDF7 /* Controllers */ = {
			isa = PBXGroup;
			children = (
				09F2BF8B1C40597B008ABDF7 /* TribesTableViewController.h */,
				09F2BF8C1C40597B008ABDF7 /* TribesTableViewController.m */,
				09688B291C77CE9A001B7752 /* Habit Detail VC */,
				090C23971CBD9EC300A52DF6 /* Add manager (Tribes/Membs/Habits) */,
				09850B1F1C8F343E00FE9609 /* Tribe Menu */,
				0923AD151CB41BC50022753D /* Premium */,
				090EDC521C9B556C005D3477 /* Settings */,
				09C658521C46CD6B008C4EC3 /* Signup/onboard */,
			);
			name = Controllers;
			sourceTree = "<group>";
		};
		09F7DD171CBDA25A00503205 /* AddMember/HabitMenu */ = {
			isa = PBXGroup;
			children = (
				09F7DD141CBDA25600503205 /* AddMemberOrHabitMenuTableViewController.h */,
				09F7DD151CBDA25600503205 /* AddMemberOrHabitMenuTableViewController.m */,
				09850B231C8F8E0300FE9609 /* Add Habit */,
				09C658621C483A64008C4EC3 /* Add friends */,
			);
			name = AddMember/HabitMenu;
			sourceTree = "<group>";
		};
		B9B81BAF6BDE1D7C59ED6619 /* Frameworks */ = {
			isa = PBXGroup;
			children = (
				09E9C6681CF8AF1900B5E87E /* libParse.a */,
				0923AD0E1CB41BA00022753D /* StoreKit.framework */,
				09F2BF891C4057A4008ABDF7 /* libsqlite3.tbd */,
				09F2BF871C405799008ABDF7 /* libz.tbd */,
				09F2BF851C405791008ABDF7 /* SystemConfiguration.framework */,
				09F2BF811C405782008ABDF7 /* Security.framework */,
				09F2BF7F1C40577B008ABDF7 /* QuartzCore.framework */,
				09F2BF7D1C405775008ABDF7 /* CoreLocation.framework */,
				09F2BF7B1C40576D008ABDF7 /* CoreGraphics.framework */,
				09F2BF791C405765008ABDF7 /* CFNetwork.framework */,
				09F2BF771C40575D008ABDF7 /* AudioToolbox.framework */,
				015448C5FC9CB4BF1F612375 /* libPods-Tribes.a */,
			);
			name = Frameworks;
			sourceTree = "<group>";
		};
		EA20DE349CAB29A2288BCB32 /* Pods */ = {
			isa = PBXGroup;
			children = (
				F69CD1EF3DA25D700DB49634 /* Pods-Tribes.debug.xcconfig */,
				A309CDB5F419EAF7FFA3C780 /* Pods-Tribes.release.xcconfig */,
			);
			name = Pods;
			sourceTree = "<group>";
		};
/* End PBXGroup section */

/* Begin PBXNativeTarget section */
		0917EC411C4037D600BE2697 /* Tribes */ = {
			isa = PBXNativeTarget;
			buildConfigurationList = 0917EC6F1C4037D600BE2697 /* Build configuration list for PBXNativeTarget "Tribes" */;
			buildPhases = (
				BA11A08E6C133815453CE3F4 /* Check Pods Manifest.lock */,
				0917EC3E1C4037D600BE2697 /* Sources */,
				0917EC3F1C4037D600BE2697 /* Frameworks */,
				0917EC401C4037D600BE2697 /* Resources */,
				DB7B4D9CF6763B6E2912B15E /* Embed Pods Frameworks */,
				7B5548A77EF1AECC25475F03 /* Copy Pods Resources */,
				09C6584E1C469D25008C4EC3 /* ShellScript */,
			);
			buildRules = (
			);
			dependencies = (
			);
			name = Tribes;
			productName = Tribes;
			productReference = 0917EC421C4037D600BE2697 /* Tribes.app */;
			productType = "com.apple.product-type.application";
		};
		0917EC5A1C4037D600BE2697 /* TribesTests */ = {
			isa = PBXNativeTarget;
			buildConfigurationList = 0917EC721C4037D600BE2697 /* Build configuration list for PBXNativeTarget "TribesTests" */;
			buildPhases = (
				0917EC571C4037D600BE2697 /* Sources */,
				0917EC581C4037D600BE2697 /* Frameworks */,
				0917EC591C4037D600BE2697 /* Resources */,
			);
			buildRules = (
			);
			dependencies = (
				0917EC5D1C4037D600BE2697 /* PBXTargetDependency */,
			);
			name = TribesTests;
			productName = TribesTests;
			productReference = 0917EC5B1C4037D600BE2697 /* TribesTests.xctest */;
			productType = "com.apple.product-type.bundle.unit-test";
		};
		0917EC651C4037D600BE2697 /* TribesUITests */ = {
			isa = PBXNativeTarget;
			buildConfigurationList = 0917EC751C4037D600BE2697 /* Build configuration list for PBXNativeTarget "TribesUITests" */;
			buildPhases = (
				0917EC621C4037D600BE2697 /* Sources */,
				0917EC631C4037D600BE2697 /* Frameworks */,
				0917EC641C4037D600BE2697 /* Resources */,
			);
			buildRules = (
			);
			dependencies = (
				0917EC681C4037D600BE2697 /* PBXTargetDependency */,
			);
			name = TribesUITests;
			productName = TribesUITests;
			productReference = 0917EC661C4037D600BE2697 /* TribesUITests.xctest */;
			productType = "com.apple.product-type.bundle.ui-testing";
		};
/* End PBXNativeTarget section */

/* Begin PBXProject section */
		0917EC3A1C4037D500BE2697 /* Project object */ = {
			isa = PBXProject;
			attributes = {
				LastUpgradeCheck = 0720;
				ORGANIZATIONNAME = "German Espitia";
				TargetAttributes = {
					0917EC411C4037D600BE2697 = {
						CreatedOnToolsVersion = 7.2;
						DevelopmentTeam = K93NF4PY9Z;
						SystemCapabilities = {
							com.apple.InAppPurchase = {
								enabled = 0;
							};
							com.apple.Push = {
								enabled = 1;
							};
						};
					};
					0917EC5A1C4037D600BE2697 = {
						CreatedOnToolsVersion = 7.2;
						TestTargetID = 0917EC411C4037D600BE2697;
					};
					0917EC651C4037D600BE2697 = {
						CreatedOnToolsVersion = 7.2;
						TestTargetID = 0917EC411C4037D600BE2697;
					};
				};
			};
			buildConfigurationList = 0917EC3D1C4037D500BE2697 /* Build configuration list for PBXProject "Tribes" */;
			compatibilityVersion = "Xcode 3.2";
			developmentRegion = English;
			hasScannedForEncodings = 0;
			knownRegions = (
				en,
				Base,
			);
			mainGroup = 0917EC391C4037D500BE2697;
			productRefGroup = 0917EC431C4037D600BE2697 /* Products */;
			projectDirPath = "";
			projectRoot = "";
			targets = (
				0917EC411C4037D600BE2697 /* Tribes */,
				0917EC5A1C4037D600BE2697 /* TribesTests */,
				0917EC651C4037D600BE2697 /* TribesUITests */,
			);
		};
/* End PBXProject section */

/* Begin PBXResourcesBuildPhase section */
		0917EC401C4037D600BE2697 /* Resources */ = {
			isa = PBXResourcesBuildPhase;
			buildActionMask = 2147483647;
			files = (
				09AC31941CDAB4BD00D40BC8 /* Tribes-Intro.mp4 in Resources */,
				0923AD141CB41BC00022753D /* PremiumViewController.xib in Resources */,
				090C23931CBC84E300A52DF6 /* PremiumChildViewController.xib in Resources */,
				09AC31971CDB892700D40BC8 /* cropped tribes tutorial.mp4 in Resources */,
				0917EC551C4037D600BE2697 /* LaunchScreen.storyboard in Resources */,
				0917EC521C4037D600BE2697 /* Assets.xcassets in Resources */,
				09688B2E1C7AB8FB001B7752 /* completion-sound.mp3 in Resources */,
				0917EC501C4037D600BE2697 /* Main.storyboard in Resources */,
			);
			runOnlyForDeploymentPostprocessing = 0;
		};
		0917EC591C4037D600BE2697 /* Resources */ = {
			isa = PBXResourcesBuildPhase;
			buildActionMask = 2147483647;
			files = (
			);
			runOnlyForDeploymentPostprocessing = 0;
		};
		0917EC641C4037D600BE2697 /* Resources */ = {
			isa = PBXResourcesBuildPhase;
			buildActionMask = 2147483647;
			files = (
			);
			runOnlyForDeploymentPostprocessing = 0;
		};
/* End PBXResourcesBuildPhase section */

/* Begin PBXShellScriptBuildPhase section */
		09C6584E1C469D25008C4EC3 /* ShellScript */ = {
			isa = PBXShellScriptBuildPhase;
			buildActionMask = 2147483647;
			files = (
			);
			inputPaths = (
			);
			outputPaths = (
			);
			runOnlyForDeploymentPostprocessing = 0;
			shellPath = /bin/sh;
			shellScript = "\"${PODS_ROOT}/Fabric/run\" bdde11f67111f4e0eeb75a4fe4dd3f65a8bbd195 7afe1f572b37fce2756114890504eb33fe17cc498c2b905d8866a0a37b4736c8";
		};
		7B5548A77EF1AECC25475F03 /* Copy Pods Resources */ = {
			isa = PBXShellScriptBuildPhase;
			buildActionMask = 2147483647;
			files = (
			);
			inputPaths = (
			);
			name = "Copy Pods Resources";
			outputPaths = (
			);
			runOnlyForDeploymentPostprocessing = 0;
			shellPath = /bin/sh;
			shellScript = "\"${SRCROOT}/Pods/Target Support Files/Pods-Tribes/Pods-Tribes-resources.sh\"\n";
			showEnvVarsInLog = 0;
		};
		BA11A08E6C133815453CE3F4 /* Check Pods Manifest.lock */ = {
			isa = PBXShellScriptBuildPhase;
			buildActionMask = 2147483647;
			files = (
			);
			inputPaths = (
			);
			name = "Check Pods Manifest.lock";
			outputPaths = (
			);
			runOnlyForDeploymentPostprocessing = 0;
			shellPath = /bin/sh;
			shellScript = "diff \"${PODS_ROOT}/../Podfile.lock\" \"${PODS_ROOT}/Manifest.lock\" > /dev/null\nif [[ $? != 0 ]] ; then\n    cat << EOM\nerror: The sandbox is not in sync with the Podfile.lock. Run 'pod install' or update your CocoaPods installation.\nEOM\n    exit 1\nfi\n";
			showEnvVarsInLog = 0;
		};
		DB7B4D9CF6763B6E2912B15E /* Embed Pods Frameworks */ = {
			isa = PBXShellScriptBuildPhase;
			buildActionMask = 2147483647;
			files = (
			);
			inputPaths = (
			);
			name = "Embed Pods Frameworks";
			outputPaths = (
			);
			runOnlyForDeploymentPostprocessing = 0;
			shellPath = /bin/sh;
			shellScript = "\"${SRCROOT}/Pods/Target Support Files/Pods-Tribes/Pods-Tribes-frameworks.sh\"\n";
			showEnvVarsInLog = 0;
		};
/* End PBXShellScriptBuildPhase section */

/* Begin PBXSourcesBuildPhase section */
		0917EC3E1C4037D600BE2697 /* Sources */ = {
			isa = PBXSourcesBuildPhase;
			buildActionMask = 2147483647;
			files = (
				09850B221C8F8DFF00FE9609 /* AddHabitTableViewController.m in Sources */,
				090C23961CBD9EBF00A52DF6 /* AddManagerTableViewController.m in Sources */,
				09688B321C7B7D92001B7752 /* HabitSettingsTableViewController.m in Sources */,
				091C37391CF4AE930020B6BE /* UsernameValidationViewController.m in Sources */,
				0948EF6D1D0718E80074BF35 /* SendTextTableViewController.m in Sources */,
				09E9C65F1CF8914500B5E87E /* JoinTribeManagerTableViewController.m in Sources */,
				09850B1E1C8F343400FE9609 /* TribeMenuTableViewController.m in Sources */,
				091BD8CE1D064D6000EC74AD /* AddFriendByUsernameTableViewController.m in Sources */,
				099BB2011C9520E100A734F0 /* MembersTableViewController.m in Sources */,
				0917EC4A1C4037D600BE2697 /* AppDelegate.m in Sources */,
				09F2BF8D1C40597B008ABDF7 /* TribesTableViewController.m in Sources */,
				0993B5151C550F910008B7E5 /* User.m in Sources */,
				09C658581C46CFA2008C4EC3 /* TribeDetailTableViewController.m in Sources */,
				099BB2041C9524F300A734F0 /* HabitsTableViewController.m in Sources */,
				091C37361CF4A9B50020B6BE /* PasswordValidationViewController.m in Sources */,
				090C23921CBC84E300A52DF6 /* PremiumChildViewController.m in Sources */,
				0923AD131CB41BC00022753D /* PremiumViewController.m in Sources */,
				09BDD94F1C7E929000061567 /* HYBubbleButton.m in Sources */,
				0993B5181C5537940008B7E5 /* Activity.m in Sources */,
				0923F7251D18433600994D1D /* CustomCellEngine.m in Sources */,
				0923AD181CB42B100022753D /* IAPHelper.m in Sources */,
				099760561C7E1E8B008E88A7 /* SignUpValidation.m in Sources */,
				090EDC511C9B5567005D3477 /* SettingsTableViewController.m in Sources */,
				09688B241C768C2D001B7752 /* KRConfettiView.m in Sources */,
				091C37331CF49F3A0020B6BE /* EmailValidationViewController.m in Sources */,
				0965E5821C87F4EE00FFA9C9 /* Habit.m in Sources */,
				0917EC471C4037D600BE2697 /* main.m in Sources */,
				099760531C7D2710008E88A7 /* SignUpOrLoginViewController.m in Sources */,
				091C37401CF747870020B6BE /* LogInViewController.m in Sources */,
				09F7DD161CBDA25600503205 /* AddMemberOrHabitMenuTableViewController.m in Sources */,
				09C6585D1C47F188008C4EC3 /* Tribe.m in Sources */,
				09E9C66C1CF8B27700B5E87E /* FindTribesViewController.m in Sources */,
				09E9C6621CF8997C00B5E87E /* CreateATribeViewController.m in Sources */,
			);
			runOnlyForDeploymentPostprocessing = 0;
		};
		0917EC571C4037D600BE2697 /* Sources */ = {
			isa = PBXSourcesBuildPhase;
			buildActionMask = 2147483647;
			files = (
				0917EC601C4037D600BE2697 /* TribesTests.m in Sources */,
			);
			runOnlyForDeploymentPostprocessing = 0;
		};
		0917EC621C4037D600BE2697 /* Sources */ = {
			isa = PBXSourcesBuildPhase;
			buildActionMask = 2147483647;
			files = (
				0917EC6B1C4037D600BE2697 /* TribesUITests.m in Sources */,
			);
			runOnlyForDeploymentPostprocessing = 0;
		};
/* End PBXSourcesBuildPhase section */

/* Begin PBXTargetDependency section */
		0917EC5D1C4037D600BE2697 /* PBXTargetDependency */ = {
			isa = PBXTargetDependency;
			target = 0917EC411C4037D600BE2697 /* Tribes */;
			targetProxy = 0917EC5C1C4037D600BE2697 /* PBXContainerItemProxy */;
		};
		0917EC681C4037D600BE2697 /* PBXTargetDependency */ = {
			isa = PBXTargetDependency;
			target = 0917EC411C4037D600BE2697 /* Tribes */;
			targetProxy = 0917EC671C4037D600BE2697 /* PBXContainerItemProxy */;
		};
/* End PBXTargetDependency section */

/* Begin PBXVariantGroup section */
		0917EC4E1C4037D600BE2697 /* Main.storyboard */ = {
			isa = PBXVariantGroup;
			children = (
				0917EC4F1C4037D600BE2697 /* Base */,
			);
			name = Main.storyboard;
			sourceTree = "<group>";
		};
		0917EC531C4037D600BE2697 /* LaunchScreen.storyboard */ = {
			isa = PBXVariantGroup;
			children = (
				0917EC541C4037D600BE2697 /* Base */,
			);
			name = LaunchScreen.storyboard;
			sourceTree = "<group>";
		};
/* End PBXVariantGroup section */

/* Begin XCBuildConfiguration section */
		0917EC6D1C4037D600BE2697 /* Debug */ = {
			isa = XCBuildConfiguration;
			buildSettings = {
				ALWAYS_SEARCH_USER_PATHS = NO;
				CLANG_CXX_LANGUAGE_STANDARD = "gnu++0x";
				CLANG_CXX_LIBRARY = "libc++";
				CLANG_ENABLE_MODULES = YES;
				CLANG_ENABLE_OBJC_ARC = YES;
				CLANG_WARN_BOOL_CONVERSION = YES;
				CLANG_WARN_CONSTANT_CONVERSION = YES;
				CLANG_WARN_DIRECT_OBJC_ISA_USAGE = YES_ERROR;
				CLANG_WARN_EMPTY_BODY = YES;
				CLANG_WARN_ENUM_CONVERSION = YES;
				CLANG_WARN_INT_CONVERSION = YES;
				CLANG_WARN_OBJC_ROOT_CLASS = YES_ERROR;
				CLANG_WARN_UNREACHABLE_CODE = YES;
				CLANG_WARN__DUPLICATE_METHOD_MATCH = YES;
				"CODE_SIGN_IDENTITY[sdk=iphoneos*]" = "iPhone Developer";
				COPY_PHASE_STRIP = NO;
				DEBUG_INFORMATION_FORMAT = dwarf;
				ENABLE_STRICT_OBJC_MSGSEND = YES;
				ENABLE_TESTABILITY = YES;
				GCC_C_LANGUAGE_STANDARD = gnu99;
				GCC_DYNAMIC_NO_PIC = NO;
				GCC_NO_COMMON_BLOCKS = YES;
				GCC_OPTIMIZATION_LEVEL = 0;
				GCC_PREPROCESSOR_DEFINITIONS = (
					"DEBUG=1",
					"$(inherited)",
				);
				GCC_WARN_64_TO_32_BIT_CONVERSION = YES;
				GCC_WARN_ABOUT_RETURN_TYPE = YES_ERROR;
				GCC_WARN_UNDECLARED_SELECTOR = YES;
				GCC_WARN_UNINITIALIZED_AUTOS = YES_AGGRESSIVE;
				GCC_WARN_UNUSED_FUNCTION = YES;
				GCC_WARN_UNUSED_VARIABLE = YES;
				IPHONEOS_DEPLOYMENT_TARGET = 9.2;
				MTL_ENABLE_DEBUG_INFO = YES;
				ONLY_ACTIVE_ARCH = YES;
				PROVISIONING_PROFILE = "45d7348e-2810-4028-8dbf-cca232c97b03";
				SDKROOT = iphoneos;
				TARGETED_DEVICE_FAMILY = "1,2";
			};
			name = Debug;
		};
		0917EC6E1C4037D600BE2697 /* Release */ = {
			isa = XCBuildConfiguration;
			buildSettings = {
				ALWAYS_SEARCH_USER_PATHS = NO;
				CLANG_CXX_LANGUAGE_STANDARD = "gnu++0x";
				CLANG_CXX_LIBRARY = "libc++";
				CLANG_ENABLE_MODULES = YES;
				CLANG_ENABLE_OBJC_ARC = YES;
				CLANG_WARN_BOOL_CONVERSION = YES;
				CLANG_WARN_CONSTANT_CONVERSION = YES;
				CLANG_WARN_DIRECT_OBJC_ISA_USAGE = YES_ERROR;
				CLANG_WARN_EMPTY_BODY = YES;
				CLANG_WARN_ENUM_CONVERSION = YES;
				CLANG_WARN_INT_CONVERSION = YES;
				CLANG_WARN_OBJC_ROOT_CLASS = YES_ERROR;
				CLANG_WARN_UNREACHABLE_CODE = YES;
				CLANG_WARN__DUPLICATE_METHOD_MATCH = YES;
				"CODE_SIGN_IDENTITY[sdk=iphoneos*]" = "iPhone Developer";
				COPY_PHASE_STRIP = NO;
				DEBUG_INFORMATION_FORMAT = "dwarf-with-dsym";
				ENABLE_NS_ASSERTIONS = NO;
				ENABLE_STRICT_OBJC_MSGSEND = YES;
				GCC_C_LANGUAGE_STANDARD = gnu99;
				GCC_NO_COMMON_BLOCKS = YES;
				GCC_WARN_64_TO_32_BIT_CONVERSION = YES;
				GCC_WARN_ABOUT_RETURN_TYPE = YES_ERROR;
				GCC_WARN_UNDECLARED_SELECTOR = YES;
				GCC_WARN_UNINITIALIZED_AUTOS = YES_AGGRESSIVE;
				GCC_WARN_UNUSED_FUNCTION = YES;
				GCC_WARN_UNUSED_VARIABLE = YES;
				IPHONEOS_DEPLOYMENT_TARGET = 9.2;
				MTL_ENABLE_DEBUG_INFO = NO;
				PROVISIONING_PROFILE = "45d7348e-2810-4028-8dbf-cca232c97b03";
				SDKROOT = iphoneos;
				TARGETED_DEVICE_FAMILY = "1,2";
				VALIDATE_PRODUCT = YES;
			};
			name = Release;
		};
		0917EC701C4037D600BE2697 /* Debug */ = {
			isa = XCBuildConfiguration;
			baseConfigurationReference = F69CD1EF3DA25D700DB49634 /* Pods-Tribes.debug.xcconfig */;
			buildSettings = {
				ASSETCATALOG_COMPILER_APPICON_NAME = AppIcon;
				CODE_SIGN_IDENTITY = "iPhone Developer";
				"CODE_SIGN_IDENTITY[sdk=iphoneos*]" = "iPhone Developer";
				DEBUG_INFORMATION_FORMAT = "dwarf-with-dsym";
				ENABLE_BITCODE = NO;
				INFOPLIST_FILE = Tribes/Info.plist;
				LD_RUNPATH_SEARCH_PATHS = "$(inherited) @executable_path/Frameworks";
				PRODUCT_BUNDLE_IDENTIFIER = com.usetribes.tribes;
				PRODUCT_NAME = "$(TARGET_NAME)";
				PROVISIONING_PROFILE = "";
			};
			name = Debug;
		};
		0917EC711C4037D600BE2697 /* Release */ = {
			isa = XCBuildConfiguration;
			baseConfigurationReference = A309CDB5F419EAF7FFA3C780 /* Pods-Tribes.release.xcconfig */;
			buildSettings = {
				ASSETCATALOG_COMPILER_APPICON_NAME = AppIcon;
				CODE_SIGN_IDENTITY = "iPhone Developer";
				"CODE_SIGN_IDENTITY[sdk=iphoneos*]" = "iPhone Developer";
				DEBUG_INFORMATION_FORMAT = "dwarf-with-dsym";
				ENABLE_BITCODE = NO;
				INFOPLIST_FILE = Tribes/Info.plist;
				LD_RUNPATH_SEARCH_PATHS = "$(inherited) @executable_path/Frameworks";
				PRODUCT_BUNDLE_IDENTIFIER = com.usetribes.tribes;
				PRODUCT_NAME = "$(TARGET_NAME)";
				PROVISIONING_PROFILE = "";
			};
			name = Release;
		};
		0917EC731C4037D600BE2697 /* Debug */ = {
			isa = XCBuildConfiguration;
			buildSettings = {
				BUNDLE_LOADER = "$(TEST_HOST)";
				INFOPLIST_FILE = TribesTests/Info.plist;
				LD_RUNPATH_SEARCH_PATHS = "$(inherited) @executable_path/Frameworks @loader_path/Frameworks";
				PRODUCT_BUNDLE_IDENTIFIER = motif.TribesTests;
				PRODUCT_NAME = "$(TARGET_NAME)";
				TEST_HOST = "$(BUILT_PRODUCTS_DIR)/Tribes.app/Tribes";
			};
			name = Debug;
		};
		0917EC741C4037D600BE2697 /* Release */ = {
			isa = XCBuildConfiguration;
			buildSettings = {
				BUNDLE_LOADER = "$(TEST_HOST)";
				INFOPLIST_FILE = TribesTests/Info.plist;
				LD_RUNPATH_SEARCH_PATHS = "$(inherited) @executable_path/Frameworks @loader_path/Frameworks";
				PRODUCT_BUNDLE_IDENTIFIER = motif.TribesTests;
				PRODUCT_NAME = "$(TARGET_NAME)";
				TEST_HOST = "$(BUILT_PRODUCTS_DIR)/Tribes.app/Tribes";
			};
			name = Release;
		};
		0917EC761C4037D600BE2697 /* Debug */ = {
			isa = XCBuildConfiguration;
			buildSettings = {
				INFOPLIST_FILE = TribesUITests/Info.plist;
				LD_RUNPATH_SEARCH_PATHS = "$(inherited) @executable_path/Frameworks @loader_path/Frameworks";
				PRODUCT_BUNDLE_IDENTIFIER = motif.TribesUITests;
				PRODUCT_NAME = "$(TARGET_NAME)";
				TEST_TARGET_NAME = Tribes;
				USES_XCTRUNNER = YES;
			};
			name = Debug;
		};
		0917EC771C4037D600BE2697 /* Release */ = {
			isa = XCBuildConfiguration;
			buildSettings = {
				INFOPLIST_FILE = TribesUITests/Info.plist;
				LD_RUNPATH_SEARCH_PATHS = "$(inherited) @executable_path/Frameworks @loader_path/Frameworks";
				PRODUCT_BUNDLE_IDENTIFIER = motif.TribesUITests;
				PRODUCT_NAME = "$(TARGET_NAME)";
				TEST_TARGET_NAME = Tribes;
				USES_XCTRUNNER = YES;
			};
			name = Release;
		};
/* End XCBuildConfiguration section */

/* Begin XCConfigurationList section */
		0917EC3D1C4037D500BE2697 /* Build configuration list for PBXProject "Tribes" */ = {
			isa = XCConfigurationList;
			buildConfigurations = (
				0917EC6D1C4037D600BE2697 /* Debug */,
				0917EC6E1C4037D600BE2697 /* Release */,
			);
			defaultConfigurationIsVisible = 0;
			defaultConfigurationName = Release;
		};
		0917EC6F1C4037D600BE2697 /* Build configuration list for PBXNativeTarget "Tribes" */ = {
			isa = XCConfigurationList;
			buildConfigurations = (
				0917EC701C4037D600BE2697 /* Debug */,
				0917EC711C4037D600BE2697 /* Release */,
			);
			defaultConfigurationIsVisible = 0;
			defaultConfigurationName = Release;
		};
		0917EC721C4037D600BE2697 /* Build configuration list for PBXNativeTarget "TribesTests" */ = {
			isa = XCConfigurationList;
			buildConfigurations = (
				0917EC731C4037D600BE2697 /* Debug */,
				0917EC741C4037D600BE2697 /* Release */,
			);
			defaultConfigurationIsVisible = 0;
			defaultConfigurationName = Release;
		};
		0917EC751C4037D600BE2697 /* Build configuration list for PBXNativeTarget "TribesUITests" */ = {
			isa = XCConfigurationList;
			buildConfigurations = (
				0917EC761C4037D600BE2697 /* Debug */,
				0917EC771C4037D600BE2697 /* Release */,
			);
			defaultConfigurationIsVisible = 0;
			defaultConfigurationName = Release;
		};
/* End XCConfigurationList section */
	};
	rootObject = 0917EC3A1C4037D500BE2697 /* Project object */;
}
