PODS:
  - APAddressBook (0.2.3):
    - APAddressBook/Core (= 0.2.3)
  - APAddressBook/Core (0.2.3)
  - Bolts/Tasks (1.7.0)
  - Crashlytics (3.7.0):
    - Fabric (~> 1.6.3)
  - Fabric (1.6.7)
  - Firebase (3.4.0):
    - Firebase/Core (= 3.4.0)
  - Firebase/Analytics (3.4.0):
    - FirebaseAnalytics (~> 3.3)
  - Firebase/Auth (3.4.0):
    - Firebase/Analytics
    - FirebaseAuth (= 3.0.4)
  - Firebase/Core (3.4.0):
    - Firebase/Analytics
  - Firebase/Database (3.4.0):
    - Firebase/Analytics
    - FirebaseDatabase (= 3.0.2)
  - FirebaseAnalytics (3.3.0):
    - FirebaseInstanceID (~> 1.0)
    - GoogleInterchangeUtilities (~> 1.2)
    - GoogleSymbolUtilities (~> 1.1)
    - GoogleUtilities (~> 1.2)
  - FirebaseAuth (3.0.4):
    - FirebaseAnalytics (~> 3.2)
    - GoogleNetworkingUtilities (~> 1.2)
    - GoogleParsingUtilities (~> 1.1)
    - GoogleUtilities (~> 1.2)
  - FirebaseDatabase (3.0.2):
    - FirebaseAnalytics (~> 3.2)
  - FirebaseInstanceID (1.0.8)
  - GoogleInterchangeUtilities (1.2.1):
    - GoogleSymbolUtilities (~> 1.0)
  - GoogleNetworkingUtilities (1.2.1):
    - GoogleSymbolUtilities (~> 1.0)
  - GoogleParsingUtilities (1.1.1):
    - GoogleNetworkingUtilities (~> 1.0)
    - GoogleSymbolUtilities (~> 1.0)
  - GoogleSymbolUtilities (1.1.1)
  - GoogleUtilities (1.3.1):
    - GoogleSymbolUtilities (~> 1.0)
  - Helpshift (5.5.1)
  - JSQMessagesViewController (7.3.4):
    - JSQSystemSoundPlayer (~> 2.0.1)
  - JSQSystemSoundPlayer (2.0.1)
  - Leanplum-iOS-SDK (1.3.10.1)
  - MCSwipeTableViewCell (2.1.4)
  - Parse (1.13.0):
    - Bolts/Tasks (~> 1.6)
  - ParseUI (1.2.0):
    - Bolts/Tasks (~> 1.3)
    - Parse (~> 1.9)
  - PNChart (0.8.9):
    - UICountingLabel (~> 1.2.0)
  - SCLAlertView-Objective-C (1.0.2)
  - TwitterCore (2.0.2):
    - Fabric
  - UICountingLabel (1.2.0)
  - UXCam (2.5.3)
  - YLProgressBar (3.8.1)

DEPENDENCIES:
  - APAddressBook
  - Crashlytics
  - Fabric
  - Firebase
  - Firebase/Auth
  - Firebase/Database
  - Helpshift (= 5.5.1)
  - JSQMessagesViewController
  - Leanplum-iOS-SDK
  - MCSwipeTableViewCell (~> 2.1.4)
  - Parse
  - ParseUI
  - PNChart
  - SCLAlertView-Objective-C
  - TwitterCore
  - UXCam
  - YLProgressBar (~> 3.8.0)

SPEC CHECKSUMS:
  APAddressBook: 2a91bf05999548bea210ec9d1a68073f4dc8bfce
  Bolts: a0058fa3b331c5a1e4402d534f2dae36dbff31e4
  Crashlytics: c3a2333dea9e2733d2777f730910321fc9e25c0d
  Fabric: caf7580c725e64db144f610ac65cd60956911dc7
  Firebase: 754562547af419cc2f4b15247fee419081924bc2
  FirebaseAnalytics: 228be2991cb28efb96cdafc4d62f64680e615c69
  FirebaseAuth: 26fd291c3b552fc9658420b867520d5ae080421c
  FirebaseDatabase: 59bea2e7dfd81b3b8b2f8e396caf1a52c2ced6f7
  FirebaseInstanceID: ba1e640935235e5fac39dfa816fe7660e72e1a8a
  GoogleInterchangeUtilities: def8415a862effc67d549d5b5b0b9c7a2f97d4de
  GoogleNetworkingUtilities: 3e83269048cfb498dc7ec83ab36813360965c74f
  GoogleParsingUtilities: 30b3896f9ee167dc78747f013d3de157ced1cadf
  GoogleSymbolUtilities: 33117db1b5f290c6fbf259585e4885b4c84b98d7
  GoogleUtilities: 56c5ac05b7aa5dc417a1bb85221a9516e04d7032
  Helpshift: 1b89b3632bf46af10d2c9d9f448e64a0ccf667ec
  JSQMessagesViewController: 39fed975e3c9f8eba7292071e29eeb541d105e66
  JSQSystemSoundPlayer: c5850e77a4363ffd374cd851154b9af93264ed8d
  Leanplum-iOS-SDK: 9e970d4faa16cae6bf96bd3d25adb008072dc03b
  MCSwipeTableViewCell: 1b303e16c3a26b1982f3a68386e9b8c5fc8344c3
  Parse: f51c24d2feb412e4b2d6cc73d37cb24e8d0089bc
  ParseUI: af2eba584799da4a9fbdac0e178662d7438b502e
  PNChart: 84774d225c2126ded6c93d4dbe6ae98c3a73c2d2
  SCLAlertView-Objective-C: 25f7ea3a3526dde177d8b8056a0b88fe4187651e
  TwitterCore: 0f44d8980a6879d5205dcb4e010d15e643e56fa0
  UICountingLabel: 1db4e7d023e1762171eb226d6dff47a7a84f27aa
  UXCam: d56a673dcfe6cdac982b78691c9e10b4c60e9b15
  YLProgressBar: c6699d75d58042377132c9301d3ab8fd0204937d

COCOAPODS: 0.39.0
